
Microsoft Visual Studio Solution File, Format Version 12.00
# Visual Studio Version 17
VisualStudioVersion = 17.11.35431.28
MinimumVisualStudioVersion = 10.0.40219.1
Project("{FAE04EC0-301F-11D3-BF4B-00C04F79EFBC}") = "Ejercicio2_Tragamonedas", "Ejercicio2_Tragamonedas\Ejercicio2_Tragamonedas.csproj", "{245CDB9B-12E9-44AE-A965-3F8510ACADAF}"
EndProject
Global
	GlobalSection(SolutionConfigurationPlatforms) = preSolution
		Debug|Any CPU = Debug|Any CPU
		Release|Any CPU = Release|Any CPU
	EndGlobalSection
	GlobalSection(ProjectConfigurationPlatforms) = postSolution
		{245CDB9B-12E9-44AE-A965-3F8510ACADAF}.Debug|Any CPU.ActiveCfg = Debug|Any CPU
		{245CDB9B-12E9-44AE-A965-3F8510ACADAF}.Debug|Any CPU.Build.0 = Debug|Any CPU
		{245CDB9B-12E9-44AE-A965-3F8510ACADAF}.Release|Any CPU.ActiveCfg = Release|Any CPU
		{245CDB9B-12E9-44AE-A965-3F8510ACADAF}.Release|Any CPU.Build.0 = Release|Any CPU
	EndGlobalSection
	GlobalSection(SolutionProperties) = preSolution
		HideSolutionNode = FALSE
	EndGlobalSection
	GlobalSection(ExtensibilityGlobals) = postSolution
		SolutionGuid = {78A01539-9CF1-465E-9C04-597BA1B89881}
	EndGlobalSection
EndGlobal
