
Microsoft Visual Studio Solution File, Format Version 12.00
# Visual Studio Version 17
VisualStudioVersion = 17.9.34902.65
MinimumVisualStudioVersion = 10.0.40219.1
Project("{FAE04EC0-301F-11D3-BF4B-00C04F79EFBC}") = "BindingNavigator2", "BindingNavigator2\BindingNavigator2.csproj", "{10CC9FC7-5DB3-48D6-8EE8-CF13205ED3EF}"
EndProject
Global
	GlobalSection(SolutionConfigurationPlatforms) = preSolution
		Debug|Any CPU = Debug|Any CPU
		Release|Any CPU = Release|Any CPU
	EndGlobalSection
	GlobalSection(ProjectConfigurationPlatforms) = postSolution
		{10CC9FC7-5DB3-48D6-8EE8-CF13205ED3EF}.Debug|Any CPU.ActiveCfg = Debug|Any CPU
		{10CC9FC7-5DB3-48D6-8EE8-CF13205ED3EF}.Debug|Any CPU.Build.0 = Debug|Any CPU
		{10CC9FC7-5DB3-48D6-8EE8-CF13205ED3EF}.Release|Any CPU.ActiveCfg = Release|Any CPU
		{10CC9FC7-5DB3-48D6-8EE8-CF13205ED3EF}.Release|Any CPU.Build.0 = Release|Any CPU
	EndGlobalSection
	GlobalSection(SolutionProperties) = preSolution
		HideSolutionNode = FALSE
	EndGlobalSection
	GlobalSection(ExtensibilityGlobals) = postSolution
		SolutionGuid = {CC5A351A-45C4-413A-B312-3A67A4843DCB}
	EndGlobalSection
EndGlobal
