
Microsoft Visual Studio Solution File, Format Version 12.00
# Visual Studio Version 17
VisualStudioVersion = 17.11.35431.28
MinimumVisualStudioVersion = 10.0.40219.1
Project("{FAE04EC0-301F-11D3-BF4B-00C04F79EFBC}") = "Statics_Ejercicio1", "Statics_Ejercicio1\Statics_Ejercicio1.csproj", "{FF4A0803-8DD9-4986-B382-FC0B01982240}"
EndProject
Project("{FAE04EC0-301F-11D3-BF4B-00C04F79EFBC}") = "ConsoleApp1", "ConsoleApp1\ConsoleApp1.csproj", "{C15D450C-5623-4D8D-B957-DB990E68FFB0}"
EndProject
Global
	GlobalSection(SolutionConfigurationPlatforms) = preSolution
		Debug|Any CPU = Debug|Any CPU
		Release|Any CPU = Release|Any CPU
	EndGlobalSection
	GlobalSection(ProjectConfigurationPlatforms) = postSolution
		{FF4A0803-8DD9-4986-B382-FC0B01982240}.Debug|Any CPU.ActiveCfg = Debug|Any CPU
		{FF4A0803-8DD9-4986-B382-FC0B01982240}.Debug|Any CPU.Build.0 = Debug|Any CPU
		{FF4A0803-8DD9-4986-B382-FC0B01982240}.Release|Any CPU.ActiveCfg = Release|Any CPU
		{FF4A0803-8DD9-4986-B382-FC0B01982240}.Release|Any CPU.Build.0 = Release|Any CPU
		{C15D450C-5623-4D8D-B957-DB990E68FFB0}.Debug|Any CPU.ActiveCfg = Debug|Any CPU
		{C15D450C-5623-4D8D-B957-DB990E68FFB0}.Debug|Any CPU.Build.0 = Debug|Any CPU
		{C15D450C-5623-4D8D-B957-DB990E68FFB0}.Release|Any CPU.ActiveCfg = Release|Any CPU
		{C15D450C-5623-4D8D-B957-DB990E68FFB0}.Release|Any CPU.Build.0 = Release|Any CPU
	EndGlobalSection
	GlobalSection(SolutionProperties) = preSolution
		HideSolutionNode = FALSE
	EndGlobalSection
	GlobalSection(ExtensibilityGlobals) = postSolution
		SolutionGuid = {E8440ED9-83F9-426F-89CC-E51509810C5E}
	EndGlobalSection
EndGlobal
