
Microsoft Visual Studio Solution File, Format Version 12.00
# Visual Studio Version 17
VisualStudioVersion = 17.11.35312.102
MinimumVisualStudioVersion = 10.0.40219.1
Project("{FAE04EC0-301F-11D3-BF4B-00C04F79EFBC}") = "Ejercicio5_NumerosParImpar", "Ejercicio5_NumerosParImpar\Ejercicio5_NumerosParImpar.csproj", "{360D4ECA-8912-4F5E-8424-F872F8997F0D}"
EndProject
Global
	GlobalSection(SolutionConfigurationPlatforms) = preSolution
		Debug|Any CPU = Debug|Any CPU
		Release|Any CPU = Release|Any CPU
	EndGlobalSection
	GlobalSection(ProjectConfigurationPlatforms) = postSolution
		{360D4ECA-8912-4F5E-8424-F872F8997F0D}.Debug|Any CPU.ActiveCfg = Debug|Any CPU
		{360D4ECA-8912-4F5E-8424-F872F8997F0D}.Debug|Any CPU.Build.0 = Debug|Any CPU
		{360D4ECA-8912-4F5E-8424-F872F8997F0D}.Release|Any CPU.ActiveCfg = Release|Any CPU
		{360D4ECA-8912-4F5E-8424-F872F8997F0D}.Release|Any CPU.Build.0 = Release|Any CPU
	EndGlobalSection
	GlobalSection(SolutionProperties) = preSolution
		HideSolutionNode = FALSE
	EndGlobalSection
	GlobalSection(ExtensibilityGlobals) = postSolution
		SolutionGuid = {E5367DBD-43DE-4740-B423-76884DE4B125}
	EndGlobalSection
EndGlobal
