
Microsoft Visual Studio Solution File, Format Version 12.00
# Visual Studio Version 17
VisualStudioVersion = 17.11.35312.102
MinimumVisualStudioVersion = 10.0.40219.1
Project("{FAE04EC0-301F-11D3-BF4B-00C04F79EFBC}") = "Funciones_Intermedio_Ejercicio9", "Funciones_Intermedio_Ejercicio9\Funciones_Intermedio_Ejercicio9.csproj", "{1D779775-4482-43A9-88D9-F299186954D3}"
EndProject
Global
	GlobalSection(SolutionConfigurationPlatforms) = preSolution
		Debug|Any CPU = Debug|Any CPU
		Release|Any CPU = Release|Any CPU
	EndGlobalSection
	GlobalSection(ProjectConfigurationPlatforms) = postSolution
		{1D779775-4482-43A9-88D9-F299186954D3}.Debug|Any CPU.ActiveCfg = Debug|Any CPU
		{1D779775-4482-43A9-88D9-F299186954D3}.Debug|Any CPU.Build.0 = Debug|Any CPU
		{1D779775-4482-43A9-88D9-F299186954D3}.Release|Any CPU.ActiveCfg = Release|Any CPU
		{1D779775-4482-43A9-88D9-F299186954D3}.Release|Any CPU.Build.0 = Release|Any CPU
	EndGlobalSection
	GlobalSection(SolutionProperties) = preSolution
		HideSolutionNode = FALSE
	EndGlobalSection
	GlobalSection(ExtensibilityGlobals) = postSolution
		SolutionGuid = {378E8861-722F-4F94-966F-CC928568F874}
	EndGlobalSection
EndGlobal
