
Microsoft Visual Studio Solution File, Format Version 12.00
# Visual Studio Version 17
VisualStudioVersion = 17.11.35431.28
MinimumVisualStudioVersion = 10.0.40219.1
Project("{FAE04EC0-301F-11D3-BF4B-00C04F79EFBC}") = "ArreglosMultidimensionales_Ejercicio3", "ArreglosMultidimensionales_Ejercicio3\ArreglosMultidimensionales_Ejercicio3.csproj", "{CA2C2010-8860-4800-85C4-727017EFA326}"
EndProject
Global
	GlobalSection(SolutionConfigurationPlatforms) = preSolution
		Debug|Any CPU = Debug|Any CPU
		Release|Any CPU = Release|Any CPU
	EndGlobalSection
	GlobalSection(ProjectConfigurationPlatforms) = postSolution
		{CA2C2010-8860-4800-85C4-727017EFA326}.Debug|Any CPU.ActiveCfg = Debug|Any CPU
		{CA2C2010-8860-4800-85C4-727017EFA326}.Debug|Any CPU.Build.0 = Debug|Any CPU
		{CA2C2010-8860-4800-85C4-727017EFA326}.Release|Any CPU.ActiveCfg = Release|Any CPU
		{CA2C2010-8860-4800-85C4-727017EFA326}.Release|Any CPU.Build.0 = Release|Any CPU
	EndGlobalSection
	GlobalSection(SolutionProperties) = preSolution
		HideSolutionNode = FALSE
	EndGlobalSection
	GlobalSection(ExtensibilityGlobals) = postSolution
		SolutionGuid = {D69FCC7F-8C4C-4400-BA89-0CF111EA3CC1}
	EndGlobalSection
EndGlobal
