
Microsoft Visual Studio Solution File, Format Version 12.00
# Visual Studio Version 17
VisualStudioVersion = 17.11.35431.28
MinimumVisualStudioVersion = 10.0.40219.1
Project("{FAE04EC0-301F-11D3-BF4B-00C04F79EFBC}") = "Estructuras_Ejercicio3", "Estructuras_Ejercicio3\Estructuras_Ejercicio3.csproj", "{FAD99B58-D3EA-4526-B290-F25CE0372A4E}"
EndProject
Global
	GlobalSection(SolutionConfigurationPlatforms) = preSolution
		Debug|Any CPU = Debug|Any CPU
		Release|Any CPU = Release|Any CPU
	EndGlobalSection
	GlobalSection(ProjectConfigurationPlatforms) = postSolution
		{FAD99B58-D3EA-4526-B290-F25CE0372A4E}.Debug|Any CPU.ActiveCfg = Debug|Any CPU
		{FAD99B58-D3EA-4526-B290-F25CE0372A4E}.Debug|Any CPU.Build.0 = Debug|Any CPU
		{FAD99B58-D3EA-4526-B290-F25CE0372A4E}.Release|Any CPU.ActiveCfg = Release|Any CPU
		{FAD99B58-D3EA-4526-B290-F25CE0372A4E}.Release|Any CPU.Build.0 = Release|Any CPU
	EndGlobalSection
	GlobalSection(SolutionProperties) = preSolution
		HideSolutionNode = FALSE
	EndGlobalSection
	GlobalSection(ExtensibilityGlobals) = postSolution
		SolutionGuid = {A7CA9EF0-3355-498F-8082-F6C7E5C1FB93}
	EndGlobalSection
EndGlobal
