
Microsoft Visual Studio Solution File, Format Version 12.00
# Visual Studio Version 17
VisualStudioVersion = 17.11.35431.28
MinimumVisualStudioVersion = 10.0.40219.1
Project("{FAE04EC0-301F-11D3-BF4B-00C04F79EFBC}") = "Estructura_Ejercicio2", "Estructura_Ejercicio2\Estructura_Ejercicio2.csproj", "{1E0300B0-5E0A-4543-BC26-BCE9B3D3C704}"
EndProject
Global
	GlobalSection(SolutionConfigurationPlatforms) = preSolution
		Debug|Any CPU = Debug|Any CPU
		Release|Any CPU = Release|Any CPU
	EndGlobalSection
	GlobalSection(ProjectConfigurationPlatforms) = postSolution
		{1E0300B0-5E0A-4543-BC26-BCE9B3D3C704}.Debug|Any CPU.ActiveCfg = Debug|Any CPU
		{1E0300B0-5E0A-4543-BC26-BCE9B3D3C704}.Debug|Any CPU.Build.0 = Debug|Any CPU
		{1E0300B0-5E0A-4543-BC26-BCE9B3D3C704}.Release|Any CPU.ActiveCfg = Release|Any CPU
		{1E0300B0-5E0A-4543-BC26-BCE9B3D3C704}.Release|Any CPU.Build.0 = Release|Any CPU
	EndGlobalSection
	GlobalSection(SolutionProperties) = preSolution
		HideSolutionNode = FALSE
	EndGlobalSection
	GlobalSection(ExtensibilityGlobals) = postSolution
		SolutionGuid = {88EF6849-49CB-4301-8E13-BD5E75A540F8}
	EndGlobalSection
EndGlobal
