
Microsoft Visual Studio Solution File, Format Version 12.00
# Visual Studio Version 17
VisualStudioVersion = 17.11.35431.28
MinimumVisualStudioVersion = 10.0.40219.1
Project("{FAE04EC0-301F-11D3-BF4B-00C04F79EFBC}") = "libreriaPrueba", "libreriaPrueba\libreriaPrueba.csproj", "{3C71EE22-A350-4C78-91BF-614000DB2F77}"
EndProject
Global
	GlobalSection(SolutionConfigurationPlatforms) = preSolution
		Debug|Any CPU = Debug|Any CPU
		Release|Any CPU = Release|Any CPU
	EndGlobalSection
	GlobalSection(ProjectConfigurationPlatforms) = postSolution
		{3C71EE22-A350-4C78-91BF-614000DB2F77}.Debug|Any CPU.ActiveCfg = Debug|Any CPU
		{3C71EE22-A350-4C78-91BF-614000DB2F77}.Debug|Any CPU.Build.0 = Debug|Any CPU
		{3C71EE22-A350-4C78-91BF-614000DB2F77}.Release|Any CPU.ActiveCfg = Release|Any CPU
		{3C71EE22-A350-4C78-91BF-614000DB2F77}.Release|Any CPU.Build.0 = Release|Any CPU
	EndGlobalSection
	GlobalSection(SolutionProperties) = preSolution
		HideSolutionNode = FALSE
	EndGlobalSection
	GlobalSection(ExtensibilityGlobals) = postSolution
		SolutionGuid = {50D667F0-2A30-4B5E-B707-43C05B449F03}
	EndGlobalSection
EndGlobal
