
Microsoft Visual Studio Solution File, Format Version 12.00
# Visual Studio Version 17
VisualStudioVersion = 17.11.35431.28
MinimumVisualStudioVersion = 10.0.40219.1
Project("{FAE04EC0-301F-11D3-BF4B-00C04F79EFBC}") = "Statics_Ejercicio4", "Statics_Ejercicio4\Statics_Ejercicio4.csproj", "{AEE4FE71-BA8F-4008-9D8F-33EBE7A20175}"
EndProject
Global
	GlobalSection(SolutionConfigurationPlatforms) = preSolution
		Debug|Any CPU = Debug|Any CPU
		Release|Any CPU = Release|Any CPU
	EndGlobalSection
	GlobalSection(ProjectConfigurationPlatforms) = postSolution
		{AEE4FE71-BA8F-4008-9D8F-33EBE7A20175}.Debug|Any CPU.ActiveCfg = Debug|Any CPU
		{AEE4FE71-BA8F-4008-9D8F-33EBE7A20175}.Debug|Any CPU.Build.0 = Debug|Any CPU
		{AEE4FE71-BA8F-4008-9D8F-33EBE7A20175}.Release|Any CPU.ActiveCfg = Release|Any CPU
		{AEE4FE71-BA8F-4008-9D8F-33EBE7A20175}.Release|Any CPU.Build.0 = Release|Any CPU
	EndGlobalSection
	GlobalSection(SolutionProperties) = preSolution
		HideSolutionNode = FALSE
	EndGlobalSection
	GlobalSection(ExtensibilityGlobals) = postSolution
		SolutionGuid = {2F3BD78A-A8C4-4821-96C9-9BF0F44CC910}
	EndGlobalSection
EndGlobal
