
Microsoft Visual Studio Solution File, Format Version 12.00
# Visual Studio Version 17
VisualStudioVersion = 17.11.35312.102
MinimumVisualStudioVersion = 10.0.40219.1
Project("{FAE04EC0-301F-11D3-BF4B-00C04F79EFBC}") = "Listas_Ejercicio5", "Listas_Ejercicio5\Listas_Ejercicio5.csproj", "{8E212FCE-633E-45C8-83AA-B37C2B12E94E}"
EndProject
Global
	GlobalSection(SolutionConfigurationPlatforms) = preSolution
		Debug|Any CPU = Debug|Any CPU
		Release|Any CPU = Release|Any CPU
	EndGlobalSection
	GlobalSection(ProjectConfigurationPlatforms) = postSolution
		{8E212FCE-633E-45C8-83AA-B37C2B12E94E}.Debug|Any CPU.ActiveCfg = Debug|Any CPU
		{8E212FCE-633E-45C8-83AA-B37C2B12E94E}.Debug|Any CPU.Build.0 = Debug|Any CPU
		{8E212FCE-633E-45C8-83AA-B37C2B12E94E}.Release|Any CPU.ActiveCfg = Release|Any CPU
		{8E212FCE-633E-45C8-83AA-B37C2B12E94E}.Release|Any CPU.Build.0 = Release|Any CPU
	EndGlobalSection
	GlobalSection(SolutionProperties) = preSolution
		HideSolutionNode = FALSE
	EndGlobalSection
	GlobalSection(ExtensibilityGlobals) = postSolution
		SolutionGuid = {5CF90F21-6A6F-4B8A-9911-F4F137846CBC}
	EndGlobalSection
EndGlobal
