
Microsoft Visual Studio Solution File, Format Version 12.00
# Visual Studio Version 17
VisualStudioVersion = 17.11.35431.28
MinimumVisualStudioVersion = 10.0.40219.1
Project("{FAE04EC0-301F-11D3-BF4B-00C04F79EFBC}") = "Estructura_Ejercicio1", "Estructura_Ejercicio1\Estructura_Ejercicio1.csproj", "{4C73F13E-C12F-4076-93BC-485B9A6891D8}"
EndProject
Global
	GlobalSection(SolutionConfigurationPlatforms) = preSolution
		Debug|Any CPU = Debug|Any CPU
		Release|Any CPU = Release|Any CPU
	EndGlobalSection
	GlobalSection(ProjectConfigurationPlatforms) = postSolution
		{4C73F13E-C12F-4076-93BC-485B9A6891D8}.Debug|Any CPU.ActiveCfg = Debug|Any CPU
		{4C73F13E-C12F-4076-93BC-485B9A6891D8}.Debug|Any CPU.Build.0 = Debug|Any CPU
		{4C73F13E-C12F-4076-93BC-485B9A6891D8}.Release|Any CPU.ActiveCfg = Release|Any CPU
		{4C73F13E-C12F-4076-93BC-485B9A6891D8}.Release|Any CPU.Build.0 = Release|Any CPU
	EndGlobalSection
	GlobalSection(SolutionProperties) = preSolution
		HideSolutionNode = FALSE
	EndGlobalSection
	GlobalSection(ExtensibilityGlobals) = postSolution
		SolutionGuid = {69E1C46C-52C1-4195-9C48-2CD9A1585C39}
	EndGlobalSection
EndGlobal
