
Microsoft Visual Studio Solution File, Format Version 12.00
# Visual Studio Version 17
VisualStudioVersion = 17.9.34902.65
MinimumVisualStudioVersion = 10.0.40219.1
Project("{FAE04EC0-301F-11D3-BF4B-00C04F79EFBC}") = "WpfStackPannel", "WpfStackPannel\WpfStackPannel.csproj", "{2BB1B3E0-3F09-4418-A8DB-7B669677CA49}"
EndProject
Global
	GlobalSection(SolutionConfigurationPlatforms) = preSolution
		Debug|Any CPU = Debug|Any CPU
		Release|Any CPU = Release|Any CPU
	EndGlobalSection
	GlobalSection(ProjectConfigurationPlatforms) = postSolution
		{2BB1B3E0-3F09-4418-A8DB-7B669677CA49}.Debug|Any CPU.ActiveCfg = Debug|Any CPU
		{2BB1B3E0-3F09-4418-A8DB-7B669677CA49}.Debug|Any CPU.Build.0 = Debug|Any CPU
		{2BB1B3E0-3F09-4418-A8DB-7B669677CA49}.Release|Any CPU.ActiveCfg = Release|Any CPU
		{2BB1B3E0-3F09-4418-A8DB-7B669677CA49}.Release|Any CPU.Build.0 = Release|Any CPU
	EndGlobalSection
	GlobalSection(SolutionProperties) = preSolution
		HideSolutionNode = FALSE
	EndGlobalSection
	GlobalSection(ExtensibilityGlobals) = postSolution
		SolutionGuid = {B043B4DC-4231-4504-B07A-DA3097D036E6}
	EndGlobalSection
EndGlobal
