
Microsoft Visual Studio Solution File, Format Version 12.00
# Visual Studio Version 17
VisualStudioVersion = 17.11.35431.28
MinimumVisualStudioVersion = 10.0.40219.1
Project("{FAE04EC0-301F-11D3-BF4B-00C04F79EFBC}") = "Adivinanzas_WPF", "Adivinanzas_WPF\Adivinanzas_WPF.csproj", "{36E8B792-B27F-4F84-8C38-247E91551B2A}"
EndProject
Global
	GlobalSection(SolutionConfigurationPlatforms) = preSolution
		Debug|Any CPU = Debug|Any CPU
		Release|Any CPU = Release|Any CPU
	EndGlobalSection
	GlobalSection(ProjectConfigurationPlatforms) = postSolution
		{36E8B792-B27F-4F84-8C38-247E91551B2A}.Debug|Any CPU.ActiveCfg = Debug|Any CPU
		{36E8B792-B27F-4F84-8C38-247E91551B2A}.Debug|Any CPU.Build.0 = Debug|Any CPU
		{36E8B792-B27F-4F84-8C38-247E91551B2A}.Release|Any CPU.ActiveCfg = Release|Any CPU
		{36E8B792-B27F-4F84-8C38-247E91551B2A}.Release|Any CPU.Build.0 = Release|Any CPU
	EndGlobalSection
	GlobalSection(SolutionProperties) = preSolution
		HideSolutionNode = FALSE
	EndGlobalSection
	GlobalSection(ExtensibilityGlobals) = postSolution
		SolutionGuid = {28B41B57-FF62-4D3E-8CB2-7C6A7A41B3B3}
	EndGlobalSection
EndGlobal
