
Microsoft Visual Studio Solution File, Format Version 12.00
# Visual Studio Version 17
VisualStudioVersion = 17.11.35431.28
MinimumVisualStudioVersion = 10.0.40219.1
Project("{FAE04EC0-301F-11D3-BF4B-00C04F79EFBC}") = "AplicacionVentas", "AplicacionVentas\AplicacionVentas.csproj", "{6BF25BC3-2C5C-495A-8635-3BB42E728784}"
EndProject
Global
	GlobalSection(SolutionConfigurationPlatforms) = preSolution
		Debug|Any CPU = Debug|Any CPU
		Release|Any CPU = Release|Any CPU
	EndGlobalSection
	GlobalSection(ProjectConfigurationPlatforms) = postSolution
		{6BF25BC3-2C5C-495A-8635-3BB42E728784}.Debug|Any CPU.ActiveCfg = Debug|Any CPU
		{6BF25BC3-2C5C-495A-8635-3BB42E728784}.Debug|Any CPU.Build.0 = Debug|Any CPU
		{6BF25BC3-2C5C-495A-8635-3BB42E728784}.Release|Any CPU.ActiveCfg = Release|Any CPU
		{6BF25BC3-2C5C-495A-8635-3BB42E728784}.Release|Any CPU.Build.0 = Release|Any CPU
	EndGlobalSection
	GlobalSection(SolutionProperties) = preSolution
		HideSolutionNode = FALSE
	EndGlobalSection
	GlobalSection(ExtensibilityGlobals) = postSolution
		SolutionGuid = {88D04174-B874-462E-A6B7-29B32BB93ACC}
	EndGlobalSection
EndGlobal
