
Microsoft Visual Studio Solution File, Format Version 12.00
# Visual Studio Version 17
VisualStudioVersion = 17.11.35431.28
MinimumVisualStudioVersion = 10.0.40219.1
Project("{FAE04EC0-301F-11D3-BF4B-00C04F79EFBC}") = "Ejercicio1_DIP_After", "Ejercicio1_DIP_After\Ejercicio1_DIP_After.csproj", "{CF08AD75-E79C-43A7-8E3F-9B92DCD3C2F1}"
EndProject
Global
	GlobalSection(SolutionConfigurationPlatforms) = preSolution
		Debug|Any CPU = Debug|Any CPU
		Release|Any CPU = Release|Any CPU
	EndGlobalSection
	GlobalSection(ProjectConfigurationPlatforms) = postSolution
		{CF08AD75-E79C-43A7-8E3F-9B92DCD3C2F1}.Debug|Any CPU.ActiveCfg = Debug|Any CPU
		{CF08AD75-E79C-43A7-8E3F-9B92DCD3C2F1}.Debug|Any CPU.Build.0 = Debug|Any CPU
		{CF08AD75-E79C-43A7-8E3F-9B92DCD3C2F1}.Release|Any CPU.ActiveCfg = Release|Any CPU
		{CF08AD75-E79C-43A7-8E3F-9B92DCD3C2F1}.Release|Any CPU.Build.0 = Release|Any CPU
	EndGlobalSection
	GlobalSection(SolutionProperties) = preSolution
		HideSolutionNode = FALSE
	EndGlobalSection
	GlobalSection(ExtensibilityGlobals) = postSolution
		SolutionGuid = {4B0DE08D-D9DE-4CCC-BA75-55564B0A2B92}
	EndGlobalSection
EndGlobal
