
Microsoft Visual Studio Solution File, Format Version 12.00
# Visual Studio Version 17
VisualStudioVersion = 17.11.35431.28
MinimumVisualStudioVersion = 10.0.40219.1
Project("{FAE04EC0-301F-11D3-BF4B-00C04F79EFBC}") = "Array_Matrices_Ejercicio3", "Array_Matrices_Ejercicio3\Array_Matrices_Ejercicio3.csproj", "{B6ADB36E-52C3-4FA2-BACE-76EF5B3CE71B}"
EndProject
Global
	GlobalSection(SolutionConfigurationPlatforms) = preSolution
		Debug|Any CPU = Debug|Any CPU
		Release|Any CPU = Release|Any CPU
	EndGlobalSection
	GlobalSection(ProjectConfigurationPlatforms) = postSolution
		{B6ADB36E-52C3-4FA2-BACE-76EF5B3CE71B}.Debug|Any CPU.ActiveCfg = Debug|Any CPU
		{B6ADB36E-52C3-4FA2-BACE-76EF5B3CE71B}.Debug|Any CPU.Build.0 = Debug|Any CPU
		{B6ADB36E-52C3-4FA2-BACE-76EF5B3CE71B}.Release|Any CPU.ActiveCfg = Release|Any CPU
		{B6ADB36E-52C3-4FA2-BACE-76EF5B3CE71B}.Release|Any CPU.Build.0 = Release|Any CPU
	EndGlobalSection
	GlobalSection(SolutionProperties) = preSolution
		HideSolutionNode = FALSE
	EndGlobalSection
	GlobalSection(ExtensibilityGlobals) = postSolution
		SolutionGuid = {A000A1CA-6314-4145-800F-8B8449E8FD68}
	EndGlobalSection
EndGlobal
