
Microsoft Visual Studio Solution File, Format Version 12.00
# Visual Studio Version 17
VisualStudioVersion = 17.9.34902.65
MinimumVisualStudioVersion = 10.0.40219.1
Project("{FAE04EC0-301F-11D3-BF4B-00C04F79EFBC}") = "DataBinding1", "DataBinding1\DataBinding1.csproj", "{F960A12C-C411-4F33-969A-EE6F3968AB95}"
EndProject
Global
	GlobalSection(SolutionConfigurationPlatforms) = preSolution
		Debug|Any CPU = Debug|Any CPU
		Release|Any CPU = Release|Any CPU
	EndGlobalSection
	GlobalSection(ProjectConfigurationPlatforms) = postSolution
		{F960A12C-C411-4F33-969A-EE6F3968AB95}.Debug|Any CPU.ActiveCfg = Debug|Any CPU
		{F960A12C-C411-4F33-969A-EE6F3968AB95}.Debug|Any CPU.Build.0 = Debug|Any CPU
		{F960A12C-C411-4F33-969A-EE6F3968AB95}.Release|Any CPU.ActiveCfg = Release|Any CPU
		{F960A12C-C411-4F33-969A-EE6F3968AB95}.Release|Any CPU.Build.0 = Release|Any CPU
	EndGlobalSection
	GlobalSection(SolutionProperties) = preSolution
		HideSolutionNode = FALSE
	EndGlobalSection
	GlobalSection(ExtensibilityGlobals) = postSolution
		SolutionGuid = {DB1B060C-EC6C-4BA7-9A76-2B6FE31B9A31}
	EndGlobalSection
EndGlobal
