
Microsoft Visual Studio Solution File, Format Version 12.00
# Visual Studio Version 17
VisualStudioVersion = 17.11.35431.28
MinimumVisualStudioVersion = 10.0.40219.1
Project("{FAE04EC0-301F-11D3-BF4B-00C04F79EFBC}") = "Ejercicio1_DIP_Before", "Ejercicio1_DIP_Before\Ejercicio1_DIP_Before.csproj", "{6F6C09A3-28FE-4274-8948-2DECB6D02D50}"
EndProject
Global
	GlobalSection(SolutionConfigurationPlatforms) = preSolution
		Debug|Any CPU = Debug|Any CPU
		Release|Any CPU = Release|Any CPU
	EndGlobalSection
	GlobalSection(ProjectConfigurationPlatforms) = postSolution
		{6F6C09A3-28FE-4274-8948-2DECB6D02D50}.Debug|Any CPU.ActiveCfg = Debug|Any CPU
		{6F6C09A3-28FE-4274-8948-2DECB6D02D50}.Debug|Any CPU.Build.0 = Debug|Any CPU
		{6F6C09A3-28FE-4274-8948-2DECB6D02D50}.Release|Any CPU.ActiveCfg = Release|Any CPU
		{6F6C09A3-28FE-4274-8948-2DECB6D02D50}.Release|Any CPU.Build.0 = Release|Any CPU
	EndGlobalSection
	GlobalSection(SolutionProperties) = preSolution
		HideSolutionNode = FALSE
	EndGlobalSection
	GlobalSection(ExtensibilityGlobals) = postSolution
		SolutionGuid = {890EA861-5D57-4253-BB6C-300EC55DEDC8}
	EndGlobalSection
EndGlobal
