
Microsoft Visual Studio Solution File, Format Version 12.00
# Visual Studio Version 17
VisualStudioVersion = 17.11.35431.28
MinimumVisualStudioVersion = 10.0.40219.1
Project("{FAE04EC0-301F-11D3-BF4B-00C04F79EFBC}") = "Clases_Ejercicio6", "Clases_Ejercicio6\Clases_Ejercicio6.csproj", "{3F0B7445-C8C9-43BD-B8A8-73BB0B525BF2}"
EndProject
Global
	GlobalSection(SolutionConfigurationPlatforms) = preSolution
		Debug|Any CPU = Debug|Any CPU
		Release|Any CPU = Release|Any CPU
	EndGlobalSection
	GlobalSection(ProjectConfigurationPlatforms) = postSolution
		{3F0B7445-C8C9-43BD-B8A8-73BB0B525BF2}.Debug|Any CPU.ActiveCfg = Debug|Any CPU
		{3F0B7445-C8C9-43BD-B8A8-73BB0B525BF2}.Debug|Any CPU.Build.0 = Debug|Any CPU
		{3F0B7445-C8C9-43BD-B8A8-73BB0B525BF2}.Release|Any CPU.ActiveCfg = Release|Any CPU
		{3F0B7445-C8C9-43BD-B8A8-73BB0B525BF2}.Release|Any CPU.Build.0 = Release|Any CPU
	EndGlobalSection
	GlobalSection(SolutionProperties) = preSolution
		HideSolutionNode = FALSE
	EndGlobalSection
	GlobalSection(ExtensibilityGlobals) = postSolution
		SolutionGuid = {8B35F8DA-4336-4D42-976B-C6748B0A59AF}
	EndGlobalSection
EndGlobal
