
Microsoft Visual Studio Solution File, Format Version 12.00
# Visual Studio Version 17
VisualStudioVersion = 17.9.34902.65
MinimumVisualStudioVersion = 10.0.40219.1
Project("{FAE04EC0-301F-11D3-BF4B-00C04F79EFBC}") = "PolimorfismoInterfaces", "PolimorfismoInterfaces\PolimorfismoInterfaces.csproj", "{87AE5B82-0E3A-4769-9FA8-98088C7257EC}"
EndProject
Global
	GlobalSection(SolutionConfigurationPlatforms) = preSolution
		Debug|Any CPU = Debug|Any CPU
		Release|Any CPU = Release|Any CPU
	EndGlobalSection
	GlobalSection(ProjectConfigurationPlatforms) = postSolution
		{87AE5B82-0E3A-4769-9FA8-98088C7257EC}.Debug|Any CPU.ActiveCfg = Debug|Any CPU
		{87AE5B82-0E3A-4769-9FA8-98088C7257EC}.Debug|Any CPU.Build.0 = Debug|Any CPU
		{87AE5B82-0E3A-4769-9FA8-98088C7257EC}.Release|Any CPU.ActiveCfg = Release|Any CPU
		{87AE5B82-0E3A-4769-9FA8-98088C7257EC}.Release|Any CPU.Build.0 = Release|Any CPU
	EndGlobalSection
	GlobalSection(SolutionProperties) = preSolution
		HideSolutionNode = FALSE
	EndGlobalSection
	GlobalSection(ExtensibilityGlobals) = postSolution
		SolutionGuid = {C13672CA-5036-4868-9844-3080163F46A8}
	EndGlobalSection
EndGlobal
