
Microsoft Visual Studio Solution File, Format Version 12.00
# Visual Studio Version 17
VisualStudioVersion = 17.11.35431.28
MinimumVisualStudioVersion = 10.0.40219.1
Project("{FAE04EC0-301F-11D3-BF4B-00C04F79EFBC}") = "Ejercicio1_Prototype", "Ejercicio1_Prototype\Ejercicio1_Prototype.csproj", "{EB6B0816-164D-404F-80E2-E4978BB35570}"
EndProject
Global
	GlobalSection(SolutionConfigurationPlatforms) = preSolution
		Debug|Any CPU = Debug|Any CPU
		Release|Any CPU = Release|Any CPU
	EndGlobalSection
	GlobalSection(ProjectConfigurationPlatforms) = postSolution
		{EB6B0816-164D-404F-80E2-E4978BB35570}.Debug|Any CPU.ActiveCfg = Debug|Any CPU
		{EB6B0816-164D-404F-80E2-E4978BB35570}.Debug|Any CPU.Build.0 = Debug|Any CPU
		{EB6B0816-164D-404F-80E2-E4978BB35570}.Release|Any CPU.ActiveCfg = Release|Any CPU
		{EB6B0816-164D-404F-80E2-E4978BB35570}.Release|Any CPU.Build.0 = Release|Any CPU
	EndGlobalSection
	GlobalSection(SolutionProperties) = preSolution
		HideSolutionNode = FALSE
	EndGlobalSection
	GlobalSection(ExtensibilityGlobals) = postSolution
		SolutionGuid = {C0EC2AC6-FF97-436C-8B09-23C83AFC0748}
	EndGlobalSection
EndGlobal
