
Microsoft Visual Studio Solution File, Format Version 12.00
# Visual Studio Version 17
VisualStudioVersion = 17.11.35431.28
MinimumVisualStudioVersion = 10.0.40219.1
Project("{FAE04EC0-301F-11D3-BF4B-00C04F79EFBC}") = "ClaseAbstracta_Ejercicio3", "ClaseAbstracta_Ejercicio3\ClaseAbstracta_Ejercicio3.csproj", "{42729E03-A559-4D50-9179-94A4DB3B1367}"
EndProject
Global
	GlobalSection(SolutionConfigurationPlatforms) = preSolution
		Debug|Any CPU = Debug|Any CPU
		Release|Any CPU = Release|Any CPU
	EndGlobalSection
	GlobalSection(ProjectConfigurationPlatforms) = postSolution
		{42729E03-A559-4D50-9179-94A4DB3B1367}.Debug|Any CPU.ActiveCfg = Debug|Any CPU
		{42729E03-A559-4D50-9179-94A4DB3B1367}.Debug|Any CPU.Build.0 = Debug|Any CPU
		{42729E03-A559-4D50-9179-94A4DB3B1367}.Release|Any CPU.ActiveCfg = Release|Any CPU
		{42729E03-A559-4D50-9179-94A4DB3B1367}.Release|Any CPU.Build.0 = Release|Any CPU
	EndGlobalSection
	GlobalSection(SolutionProperties) = preSolution
		HideSolutionNode = FALSE
	EndGlobalSection
	GlobalSection(ExtensibilityGlobals) = postSolution
		SolutionGuid = {C29CD88E-F513-4AE0-B852-D266F9883160}
	EndGlobalSection
EndGlobal
