
Microsoft Visual Studio Solution File, Format Version 12.00
# Visual Studio Version 17
VisualStudioVersion = 17.9.34723.18
MinimumVisualStudioVersion = 10.0.40219.1
Project("{FAE04EC0-301F-11D3-BF4B-00C04F79EFBC}") = "FactoryMethodAfter", "FactoryMethodAfter\FactoryMethodAfter.csproj", "{EAF9E0E3-4F3A-4C7F-8F0E-0FCD6696A68D}"
EndProject
Global
	GlobalSection(SolutionConfigurationPlatforms) = preSolution
		Debug|Any CPU = Debug|Any CPU
		Release|Any CPU = Release|Any CPU
	EndGlobalSection
	GlobalSection(ProjectConfigurationPlatforms) = postSolution
		{EAF9E0E3-4F3A-4C7F-8F0E-0FCD6696A68D}.Debug|Any CPU.ActiveCfg = Debug|Any CPU
		{EAF9E0E3-4F3A-4C7F-8F0E-0FCD6696A68D}.Debug|Any CPU.Build.0 = Debug|Any CPU
		{EAF9E0E3-4F3A-4C7F-8F0E-0FCD6696A68D}.Release|Any CPU.ActiveCfg = Release|Any CPU
		{EAF9E0E3-4F3A-4C7F-8F0E-0FCD6696A68D}.Release|Any CPU.Build.0 = Release|Any CPU
	EndGlobalSection
	GlobalSection(SolutionProperties) = preSolution
		HideSolutionNode = FALSE
	EndGlobalSection
	GlobalSection(ExtensibilityGlobals) = postSolution
		SolutionGuid = {DE482892-5173-4D6C-9F46-402938D67715}
	EndGlobalSection
EndGlobal
