
Microsoft Visual Studio Solution File, Format Version 12.00
# Visual Studio Version 17
VisualStudioVersion = 17.11.35431.28
MinimumVisualStudioVersion = 10.0.40219.1
Project("{FAE04EC0-301F-11D3-BF4B-00C04F79EFBC}") = "Propiedades_Ejercicio3", "Propiedades_Ejercicio3\Propiedades_Ejercicio3.csproj", "{CEFA3794-20EA-4FD3-BD2C-3599B9481D1C}"
EndProject
Global
	GlobalSection(SolutionConfigurationPlatforms) = preSolution
		Debug|Any CPU = Debug|Any CPU
		Release|Any CPU = Release|Any CPU
	EndGlobalSection
	GlobalSection(ProjectConfigurationPlatforms) = postSolution
		{CEFA3794-20EA-4FD3-BD2C-3599B9481D1C}.Debug|Any CPU.ActiveCfg = Debug|Any CPU
		{CEFA3794-20EA-4FD3-BD2C-3599B9481D1C}.Debug|Any CPU.Build.0 = Debug|Any CPU
		{CEFA3794-20EA-4FD3-BD2C-3599B9481D1C}.Release|Any CPU.ActiveCfg = Release|Any CPU
		{CEFA3794-20EA-4FD3-BD2C-3599B9481D1C}.Release|Any CPU.Build.0 = Release|Any CPU
	EndGlobalSection
	GlobalSection(SolutionProperties) = preSolution
		HideSolutionNode = FALSE
	EndGlobalSection
	GlobalSection(ExtensibilityGlobals) = postSolution
		SolutionGuid = {FACC3C53-C35A-4391-90AD-F7DF88D55AD5}
	EndGlobalSection
EndGlobal
