
Microsoft Visual Studio Solution File, Format Version 12.00
# Visual Studio Version 17
VisualStudioVersion = 17.11.35312.102
MinimumVisualStudioVersion = 10.0.40219.1
Project("{FAE04EC0-301F-11D3-BF4B-00C04F79EFBC}") = "Ejercicio12_Sumar_Hasta_Ingrese_0", "Ejercicio12_Sumar_Hasta_Ingrese_0\Ejercicio12_Sumar_Hasta_Ingrese_0.csproj", "{711896DC-17B5-4EAD-AF0C-031E620FB33E}"
EndProject
Global
	GlobalSection(SolutionConfigurationPlatforms) = preSolution
		Debug|Any CPU = Debug|Any CPU
		Release|Any CPU = Release|Any CPU
	EndGlobalSection
	GlobalSection(ProjectConfigurationPlatforms) = postSolution
		{711896DC-17B5-4EAD-AF0C-031E620FB33E}.Debug|Any CPU.ActiveCfg = Debug|Any CPU
		{711896DC-17B5-4EAD-AF0C-031E620FB33E}.Debug|Any CPU.Build.0 = Debug|Any CPU
		{711896DC-17B5-4EAD-AF0C-031E620FB33E}.Release|Any CPU.ActiveCfg = Release|Any CPU
		{711896DC-17B5-4EAD-AF0C-031E620FB33E}.Release|Any CPU.Build.0 = Release|Any CPU
	EndGlobalSection
	GlobalSection(SolutionProperties) = preSolution
		HideSolutionNode = FALSE
	EndGlobalSection
	GlobalSection(ExtensibilityGlobals) = postSolution
		SolutionGuid = {F349965D-A1B5-4EC4-8680-41D676823E20}
	EndGlobalSection
EndGlobal
