
Microsoft Visual Studio Solution File, Format Version 12.00
# Visual Studio Version 17
VisualStudioVersion = 17.11.35431.28
MinimumVisualStudioVersion = 10.0.40219.1
Project("{FAE04EC0-301F-11D3-BF4B-00C04F79EFBC}") = "PolimorfismoEsttico_3", "PolimorfismoEsttico_3\PolimorfismoEsttico_3.csproj", "{58181FE4-1982-41E3-A787-FD8FD5050FA3}"
EndProject
Global
	GlobalSection(SolutionConfigurationPlatforms) = preSolution
		Debug|Any CPU = Debug|Any CPU
		Release|Any CPU = Release|Any CPU
	EndGlobalSection
	GlobalSection(ProjectConfigurationPlatforms) = postSolution
		{58181FE4-1982-41E3-A787-FD8FD5050FA3}.Debug|Any CPU.ActiveCfg = Debug|Any CPU
		{58181FE4-1982-41E3-A787-FD8FD5050FA3}.Debug|Any CPU.Build.0 = Debug|Any CPU
		{58181FE4-1982-41E3-A787-FD8FD5050FA3}.Release|Any CPU.ActiveCfg = Release|Any CPU
		{58181FE4-1982-41E3-A787-FD8FD5050FA3}.Release|Any CPU.Build.0 = Release|Any CPU
	EndGlobalSection
	GlobalSection(SolutionProperties) = preSolution
		HideSolutionNode = FALSE
	EndGlobalSection
	GlobalSection(ExtensibilityGlobals) = postSolution
		SolutionGuid = {74AA2FC7-010A-4B64-B58B-3B093B942CA7}
	EndGlobalSection
EndGlobal
