
Microsoft Visual Studio Solution File, Format Version 12.00
# Visual Studio Version 17
VisualStudioVersion = 17.11.35431.28
MinimumVisualStudioVersion = 10.0.40219.1
Project("{FAE04EC0-301F-11D3-BF4B-00C04F79EFBC}") = "EjercicioParImpar", "EjercicioParImpar\EjercicioParImpar.csproj", "{958ED986-FDD5-4867-801F-6BD9F111EB0D}"
EndProject
Global
	GlobalSection(SolutionConfigurationPlatforms) = preSolution
		Debug|Any CPU = Debug|Any CPU
		Release|Any CPU = Release|Any CPU
	EndGlobalSection
	GlobalSection(ProjectConfigurationPlatforms) = postSolution
		{958ED986-FDD5-4867-801F-6BD9F111EB0D}.Debug|Any CPU.ActiveCfg = Debug|Any CPU
		{958ED986-FDD5-4867-801F-6BD9F111EB0D}.Debug|Any CPU.Build.0 = Debug|Any CPU
		{958ED986-FDD5-4867-801F-6BD9F111EB0D}.Release|Any CPU.ActiveCfg = Release|Any CPU
		{958ED986-FDD5-4867-801F-6BD9F111EB0D}.Release|Any CPU.Build.0 = Release|Any CPU
	EndGlobalSection
	GlobalSection(SolutionProperties) = preSolution
		HideSolutionNode = FALSE
	EndGlobalSection
	GlobalSection(ExtensibilityGlobals) = postSolution
		SolutionGuid = {7FA8402F-9051-4940-8D09-55B2EAF1600E}
	EndGlobalSection
EndGlobal
