
Microsoft Visual Studio Solution File, Format Version 12.00
# Visual Studio Version 17
VisualStudioVersion = 17.9.34723.18
MinimumVisualStudioVersion = 10.0.40219.1
Project("{FAE04EC0-301F-11D3-BF4B-00C04F79EFBC}") = "PizzeriaBefore", "PizzeriaBefore\PizzeriaBefore.csproj", "{E19E68AE-6E69-4DED-AD0B-3594DE518AED}"
EndProject
Global
	GlobalSection(SolutionConfigurationPlatforms) = preSolution
		Debug|Any CPU = Debug|Any CPU
		Release|Any CPU = Release|Any CPU
	EndGlobalSection
	GlobalSection(ProjectConfigurationPlatforms) = postSolution
		{E19E68AE-6E69-4DED-AD0B-3594DE518AED}.Debug|Any CPU.ActiveCfg = Debug|Any CPU
		{E19E68AE-6E69-4DED-AD0B-3594DE518AED}.Debug|Any CPU.Build.0 = Debug|Any CPU
		{E19E68AE-6E69-4DED-AD0B-3594DE518AED}.Release|Any CPU.ActiveCfg = Release|Any CPU
		{E19E68AE-6E69-4DED-AD0B-3594DE518AED}.Release|Any CPU.Build.0 = Release|Any CPU
	EndGlobalSection
	GlobalSection(SolutionProperties) = preSolution
		HideSolutionNode = FALSE
	EndGlobalSection
	GlobalSection(ExtensibilityGlobals) = postSolution
		SolutionGuid = {A9EC6F43-6FC7-4BC2-8A55-223DF2AF323B}
	EndGlobalSection
EndGlobal
