
Microsoft Visual Studio Solution File, Format Version 12.00
# Visual Studio Version 17
VisualStudioVersion = 17.11.35431.28
MinimumVisualStudioVersion = 10.0.40219.1
Project("{FAE04EC0-301F-11D3-BF4B-00C04F79EFBC}") = "TercerParte_FactoryMethod", "TercerParte_FactoryMethod\TercerParte_FactoryMethod.csproj", "{B4C9C980-5DA1-43C0-8C52-C6F355B4BA8C}"
EndProject
Global
	GlobalSection(SolutionConfigurationPlatforms) = preSolution
		Debug|Any CPU = Debug|Any CPU
		Release|Any CPU = Release|Any CPU
	EndGlobalSection
	GlobalSection(ProjectConfigurationPlatforms) = postSolution
		{B4C9C980-5DA1-43C0-8C52-C6F355B4BA8C}.Debug|Any CPU.ActiveCfg = Debug|Any CPU
		{B4C9C980-5DA1-43C0-8C52-C6F355B4BA8C}.Debug|Any CPU.Build.0 = Debug|Any CPU
		{B4C9C980-5DA1-43C0-8C52-C6F355B4BA8C}.Release|Any CPU.ActiveCfg = Release|Any CPU
		{B4C9C980-5DA1-43C0-8C52-C6F355B4BA8C}.Release|Any CPU.Build.0 = Release|Any CPU
	EndGlobalSection
	GlobalSection(SolutionProperties) = preSolution
		HideSolutionNode = FALSE
	EndGlobalSection
	GlobalSection(ExtensibilityGlobals) = postSolution
		SolutionGuid = {3D90B4A0-5243-466B-84D2-DE46ECD948C3}
	EndGlobalSection
EndGlobal
