
Microsoft Visual Studio Solution File, Format Version 12.00
# Visual Studio Version 17
VisualStudioVersion = 17.11.35431.28
MinimumVisualStudioVersion = 10.0.40219.1
Project("{FAE04EC0-301F-11D3-BF4B-00C04F79EFBC}") = "Interface_Ejercicio5", "Interface_Ejercicio5\Interface_Ejercicio5.csproj", "{2BC0619C-35D5-40F4-A430-5D73F669F1F2}"
EndProject
Global
	GlobalSection(SolutionConfigurationPlatforms) = preSolution
		Debug|Any CPU = Debug|Any CPU
		Release|Any CPU = Release|Any CPU
	EndGlobalSection
	GlobalSection(ProjectConfigurationPlatforms) = postSolution
		{2BC0619C-35D5-40F4-A430-5D73F669F1F2}.Debug|Any CPU.ActiveCfg = Debug|Any CPU
		{2BC0619C-35D5-40F4-A430-5D73F669F1F2}.Debug|Any CPU.Build.0 = Debug|Any CPU
		{2BC0619C-35D5-40F4-A430-5D73F669F1F2}.Release|Any CPU.ActiveCfg = Release|Any CPU
		{2BC0619C-35D5-40F4-A430-5D73F669F1F2}.Release|Any CPU.Build.0 = Release|Any CPU
	EndGlobalSection
	GlobalSection(SolutionProperties) = preSolution
		HideSolutionNode = FALSE
	EndGlobalSection
	GlobalSection(ExtensibilityGlobals) = postSolution
		SolutionGuid = {652EFC25-9A7F-48EF-BC4F-E0E9CE442A65}
	EndGlobalSection
EndGlobal
