
Microsoft Visual Studio Solution File, Format Version 12.00
# Visual Studio Version 17
VisualStudioVersion = 17.9.34902.65
MinimumVisualStudioVersion = 10.0.40219.1
Project("{FAE04EC0-301F-11D3-BF4B-00C04F79EFBC}") = "EjercicioFinal1Polimorfismo", "EjercicioFinal1Polimorfismo\EjercicioFinal1Polimorfismo.csproj", "{F2E76560-C84B-4D0E-80A9-1CA63D740BB0}"
EndProject
Global
	GlobalSection(SolutionConfigurationPlatforms) = preSolution
		Debug|Any CPU = Debug|Any CPU
		Release|Any CPU = Release|Any CPU
	EndGlobalSection
	GlobalSection(ProjectConfigurationPlatforms) = postSolution
		{F2E76560-C84B-4D0E-80A9-1CA63D740BB0}.Debug|Any CPU.ActiveCfg = Debug|Any CPU
		{F2E76560-C84B-4D0E-80A9-1CA63D740BB0}.Debug|Any CPU.Build.0 = Debug|Any CPU
		{F2E76560-C84B-4D0E-80A9-1CA63D740BB0}.Release|Any CPU.ActiveCfg = Release|Any CPU
		{F2E76560-C84B-4D0E-80A9-1CA63D740BB0}.Release|Any CPU.Build.0 = Release|Any CPU
	EndGlobalSection
	GlobalSection(SolutionProperties) = preSolution
		HideSolutionNode = FALSE
	EndGlobalSection
	GlobalSection(ExtensibilityGlobals) = postSolution
		SolutionGuid = {8FF09B95-853D-4595-AC15-7FE41DB10906}
	EndGlobalSection
EndGlobal
