
Microsoft Visual Studio Solution File, Format Version 12.00
# Visual Studio Version 17
VisualStudioVersion = 17.11.35431.28
MinimumVisualStudioVersion = 10.0.40219.1
Project("{FAE04EC0-301F-11D3-BF4B-00C04F79EFBC}") = "PolimorfismoEstatico", "PolimorfismoEstatico_SobrecargaOperadores\PolimorfismoEstatico.csproj", "{D4577E51-7551-47C8-AC8A-18D9B72F0023}"
EndProject
Global
	GlobalSection(SolutionConfigurationPlatforms) = preSolution
		Debug|Any CPU = Debug|Any CPU
		Release|Any CPU = Release|Any CPU
	EndGlobalSection
	GlobalSection(ProjectConfigurationPlatforms) = postSolution
		{D4577E51-7551-47C8-AC8A-18D9B72F0023}.Debug|Any CPU.ActiveCfg = Debug|Any CPU
		{D4577E51-7551-47C8-AC8A-18D9B72F0023}.Debug|Any CPU.Build.0 = Debug|Any CPU
		{D4577E51-7551-47C8-AC8A-18D9B72F0023}.Release|Any CPU.ActiveCfg = Release|Any CPU
		{D4577E51-7551-47C8-AC8A-18D9B72F0023}.Release|Any CPU.Build.0 = Release|Any CPU
	EndGlobalSection
	GlobalSection(SolutionProperties) = preSolution
		HideSolutionNode = FALSE
	EndGlobalSection
	GlobalSection(ExtensibilityGlobals) = postSolution
		SolutionGuid = {ECE39447-CDEA-4CE3-855D-061B4D23A5DF}
	EndGlobalSection
EndGlobal
