
Microsoft Visual Studio Solution File, Format Version 12.00
# Visual Studio Version 17
VisualStudioVersion = 17.9.34902.65
MinimumVisualStudioVersion = 10.0.40219.1
Project("{FAE04EC0-301F-11D3-BF4B-00C04F79EFBC}") = "Ejercicio3A_Abstraccion_Interfaces", "Ejercicio3A_Abstraccion_Interfaces\Ejercicio3A_Abstraccion_Interfaces.csproj", "{42E43577-DB87-49ED-A3F1-2E69D653D648}"
EndProject
Global
	GlobalSection(SolutionConfigurationPlatforms) = preSolution
		Debug|Any CPU = Debug|Any CPU
		Release|Any CPU = Release|Any CPU
	EndGlobalSection
	GlobalSection(ProjectConfigurationPlatforms) = postSolution
		{42E43577-DB87-49ED-A3F1-2E69D653D648}.Debug|Any CPU.ActiveCfg = Debug|Any CPU
		{42E43577-DB87-49ED-A3F1-2E69D653D648}.Debug|Any CPU.Build.0 = Debug|Any CPU
		{42E43577-DB87-49ED-A3F1-2E69D653D648}.Release|Any CPU.ActiveCfg = Release|Any CPU
		{42E43577-DB87-49ED-A3F1-2E69D653D648}.Release|Any CPU.Build.0 = Release|Any CPU
	EndGlobalSection
	GlobalSection(SolutionProperties) = preSolution
		HideSolutionNode = FALSE
	EndGlobalSection
	GlobalSection(ExtensibilityGlobals) = postSolution
		SolutionGuid = {8919DBD9-DB20-454F-85C3-8BEF51A23FCA}
	EndGlobalSection
EndGlobal
