
Microsoft Visual Studio Solution File, Format Version 12.00
# Visual Studio Version 17
VisualStudioVersion = 17.11.35312.102
MinimumVisualStudioVersion = 10.0.40219.1
Project("{FAE04EC0-301F-11D3-BF4B-00C04F79EFBC}") = "Procedimiento_Ejercicio4", "Procedimiento_Ejercicio4\Procedimiento_Ejercicio4.csproj", "{D08D7076-B09B-48D0-9AE5-3450086B3BA6}"
EndProject
Global
	GlobalSection(SolutionConfigurationPlatforms) = preSolution
		Debug|Any CPU = Debug|Any CPU
		Release|Any CPU = Release|Any CPU
	EndGlobalSection
	GlobalSection(ProjectConfigurationPlatforms) = postSolution
		{D08D7076-B09B-48D0-9AE5-3450086B3BA6}.Debug|Any CPU.ActiveCfg = Debug|Any CPU
		{D08D7076-B09B-48D0-9AE5-3450086B3BA6}.Debug|Any CPU.Build.0 = Debug|Any CPU
		{D08D7076-B09B-48D0-9AE5-3450086B3BA6}.Release|Any CPU.ActiveCfg = Release|Any CPU
		{D08D7076-B09B-48D0-9AE5-3450086B3BA6}.Release|Any CPU.Build.0 = Release|Any CPU
	EndGlobalSection
	GlobalSection(SolutionProperties) = preSolution
		HideSolutionNode = FALSE
	EndGlobalSection
	GlobalSection(ExtensibilityGlobals) = postSolution
		SolutionGuid = {7EEEA094-DF65-4107-96BA-5A32813F49CA}
	EndGlobalSection
EndGlobal
