
Microsoft Visual Studio Solution File, Format Version 12.00
# Visual Studio Version 17
VisualStudioVersion = 17.11.35431.28
MinimumVisualStudioVersion = 10.0.40219.1
Project("{FAE04EC0-301F-11D3-BF4B-00C04F79EFBC}") = "Practica", "Practica\Practica.csproj", "{75C1C403-4253-4945-8388-F281C5617CBB}"
EndProject
Global
	GlobalSection(SolutionConfigurationPlatforms) = preSolution
		Debug|Any CPU = Debug|Any CPU
		Release|Any CPU = Release|Any CPU
	EndGlobalSection
	GlobalSection(ProjectConfigurationPlatforms) = postSolution
		{75C1C403-4253-4945-8388-F281C5617CBB}.Debug|Any CPU.ActiveCfg = Debug|Any CPU
		{75C1C403-4253-4945-8388-F281C5617CBB}.Debug|Any CPU.Build.0 = Debug|Any CPU
		{75C1C403-4253-4945-8388-F281C5617CBB}.Release|Any CPU.ActiveCfg = Release|Any CPU
		{75C1C403-4253-4945-8388-F281C5617CBB}.Release|Any CPU.Build.0 = Release|Any CPU
	EndGlobalSection
	GlobalSection(SolutionProperties) = preSolution
		HideSolutionNode = FALSE
	EndGlobalSection
	GlobalSection(ExtensibilityGlobals) = postSolution
		SolutionGuid = {7A9B295B-C1A7-4810-B24F-FA519ED2D1B2}
	EndGlobalSection
EndGlobal
