
Microsoft Visual Studio Solution File, Format Version 12.00
# Visual Studio Version 17
VisualStudioVersion = 17.11.35312.102
MinimumVisualStudioVersion = 10.0.40219.1
Project("{FAE04EC0-301F-11D3-BF4B-00C04F79EFBC}") = "Funciones_Ejercicio2", "Funciones_Ejercicio2\Funciones_Ejercicio2.csproj", "{21A4E1F8-B0FF-465B-A5E9-3540D34A6E20}"
EndProject
Global
	GlobalSection(SolutionConfigurationPlatforms) = preSolution
		Debug|Any CPU = Debug|Any CPU
		Release|Any CPU = Release|Any CPU
	EndGlobalSection
	GlobalSection(ProjectConfigurationPlatforms) = postSolution
		{21A4E1F8-B0FF-465B-A5E9-3540D34A6E20}.Debug|Any CPU.ActiveCfg = Debug|Any CPU
		{21A4E1F8-B0FF-465B-A5E9-3540D34A6E20}.Debug|Any CPU.Build.0 = Debug|Any CPU
		{21A4E1F8-B0FF-465B-A5E9-3540D34A6E20}.Release|Any CPU.ActiveCfg = Release|Any CPU
		{21A4E1F8-B0FF-465B-A5E9-3540D34A6E20}.Release|Any CPU.Build.0 = Release|Any CPU
	EndGlobalSection
	GlobalSection(SolutionProperties) = preSolution
		HideSolutionNode = FALSE
	EndGlobalSection
	GlobalSection(ExtensibilityGlobals) = postSolution
		SolutionGuid = {7E96BE64-B406-4260-BF32-746363EFB2CC}
	EndGlobalSection
EndGlobal
