
Microsoft Visual Studio Solution File, Format Version 12.00
# Visual Studio Version 17
VisualStudioVersion = 17.11.35431.28
MinimumVisualStudioVersion = 10.0.40219.1
Project("{FAE04EC0-301F-11D3-BF4B-00C04F79EFBC}") = "Herencia_Ejercicio1", "Herencia_Ejercicio1\Herencia_Ejercicio1.csproj", "{3E7F8C8D-DCCB-4318-A398-37B0446C5A83}"
EndProject
Global
	GlobalSection(SolutionConfigurationPlatforms) = preSolution
		Debug|Any CPU = Debug|Any CPU
		Release|Any CPU = Release|Any CPU
	EndGlobalSection
	GlobalSection(ProjectConfigurationPlatforms) = postSolution
		{3E7F8C8D-DCCB-4318-A398-37B0446C5A83}.Debug|Any CPU.ActiveCfg = Debug|Any CPU
		{3E7F8C8D-DCCB-4318-A398-37B0446C5A83}.Debug|Any CPU.Build.0 = Debug|Any CPU
		{3E7F8C8D-DCCB-4318-A398-37B0446C5A83}.Release|Any CPU.ActiveCfg = Release|Any CPU
		{3E7F8C8D-DCCB-4318-A398-37B0446C5A83}.Release|Any CPU.Build.0 = Release|Any CPU
	EndGlobalSection
	GlobalSection(SolutionProperties) = preSolution
		HideSolutionNode = FALSE
	EndGlobalSection
	GlobalSection(ExtensibilityGlobals) = postSolution
		SolutionGuid = {042BC7A5-21DE-4A89-B946-626F50840919}
	EndGlobalSection
EndGlobal
