
Microsoft Visual Studio Solution File, Format Version 12.00
# Visual Studio Version 17
VisualStudioVersion = 17.11.35431.28
MinimumVisualStudioVersion = 10.0.40219.1
Project("{FAE04EC0-301F-11D3-BF4B-00C04F79EFBC}") = "DataBinding", "DataBinding\DataBinding.csproj", "{DCC8B313-3A72-4CC1-A4FE-CB4E53142BEA}"
EndProject
Global
	GlobalSection(SolutionConfigurationPlatforms) = preSolution
		Debug|Any CPU = Debug|Any CPU
		Release|Any CPU = Release|Any CPU
	EndGlobalSection
	GlobalSection(ProjectConfigurationPlatforms) = postSolution
		{DCC8B313-3A72-4CC1-A4FE-CB4E53142BEA}.Debug|Any CPU.ActiveCfg = Debug|Any CPU
		{DCC8B313-3A72-4CC1-A4FE-CB4E53142BEA}.Debug|Any CPU.Build.0 = Debug|Any CPU
		{DCC8B313-3A72-4CC1-A4FE-CB4E53142BEA}.Release|Any CPU.ActiveCfg = Release|Any CPU
		{DCC8B313-3A72-4CC1-A4FE-CB4E53142BEA}.Release|Any CPU.Build.0 = Release|Any CPU
	EndGlobalSection
	GlobalSection(SolutionProperties) = preSolution
		HideSolutionNode = FALSE
	EndGlobalSection
	GlobalSection(ExtensibilityGlobals) = postSolution
		SolutionGuid = {79C0A4C9-41BA-4A99-85FD-418BD0B731EA}
	EndGlobalSection
EndGlobal
