
Microsoft Visual Studio Solution File, Format Version 12.00
# Visual Studio Version 17
VisualStudioVersion = 17.9.34723.18
MinimumVisualStudioVersion = 10.0.40219.1
Project("{FAE04EC0-301F-11D3-BF4B-00C04F79EFBC}") = "Herencia1", "Herencia1\Herencia1.csproj", "{AF8989ED-D0FF-4A37-95D4-7980BB812B41}"
EndProject
Global
	GlobalSection(SolutionConfigurationPlatforms) = preSolution
		Debug|Any CPU = Debug|Any CPU
		Release|Any CPU = Release|Any CPU
	EndGlobalSection
	GlobalSection(ProjectConfigurationPlatforms) = postSolution
		{AF8989ED-D0FF-4A37-95D4-7980BB812B41}.Debug|Any CPU.ActiveCfg = Debug|Any CPU
		{AF8989ED-D0FF-4A37-95D4-7980BB812B41}.Debug|Any CPU.Build.0 = Debug|Any CPU
		{AF8989ED-D0FF-4A37-95D4-7980BB812B41}.Release|Any CPU.ActiveCfg = Release|Any CPU
		{AF8989ED-D0FF-4A37-95D4-7980BB812B41}.Release|Any CPU.Build.0 = Release|Any CPU
	EndGlobalSection
	GlobalSection(SolutionProperties) = preSolution
		HideSolutionNode = FALSE
	EndGlobalSection
	GlobalSection(ExtensibilityGlobals) = postSolution
		SolutionGuid = {885AA9F4-118E-4DAC-BDAB-39319F2D09DA}
	EndGlobalSection
EndGlobal
