
Microsoft Visual Studio Solution File, Format Version 12.00
# Visual Studio Version 17
VisualStudioVersion = 17.11.35312.102
MinimumVisualStudioVersion = 10.0.40219.1
Project("{FAE04EC0-301F-11D3-BF4B-00C04F79EFBC}") = "Ejercicio7_DiaDeSemana", "Ejercicio7_DiaDeSemana\Ejercicio7_DiaDeSemana.csproj", "{1A3F0F66-BB8D-43EE-ADFD-D119293D7160}"
EndProject
Global
	GlobalSection(SolutionConfigurationPlatforms) = preSolution
		Debug|Any CPU = Debug|Any CPU
		Release|Any CPU = Release|Any CPU
	EndGlobalSection
	GlobalSection(ProjectConfigurationPlatforms) = postSolution
		{1A3F0F66-BB8D-43EE-ADFD-D119293D7160}.Debug|Any CPU.ActiveCfg = Debug|Any CPU
		{1A3F0F66-BB8D-43EE-ADFD-D119293D7160}.Debug|Any CPU.Build.0 = Debug|Any CPU
		{1A3F0F66-BB8D-43EE-ADFD-D119293D7160}.Release|Any CPU.ActiveCfg = Release|Any CPU
		{1A3F0F66-BB8D-43EE-ADFD-D119293D7160}.Release|Any CPU.Build.0 = Release|Any CPU
	EndGlobalSection
	GlobalSection(SolutionProperties) = preSolution
		HideSolutionNode = FALSE
	EndGlobalSection
	GlobalSection(ExtensibilityGlobals) = postSolution
		SolutionGuid = {6B6D537E-5651-4580-8C0C-F1A8F35E5A9B}
	EndGlobalSection
EndGlobal
